
Microsoft Visual Studio Solution File, Format Version 12.00
# Visual Studio Version 16
VisualStudioVersion = 16.0.30011.22
MinimumVisualStudioVersion = 10.0.40219.1
Project("{9A19103F-16F7-4668-BE54-9A1E7A4F7556}") = "ShoeStore.Project", "ShoeStore.Project\ShoeStore.Project.csproj", "{E7CB9FC8-C600-4BA8-9BC9-BCF2BC1CD10B}"
EndProject
Project("{FAE04EC0-301F-11D3-BF4B-00C04F79EFBC}") = "ShoeStore.Data", "ShoeStore.Data\ShoeStore.Data.csproj", "{9EA4CD3D-3EB7-4C68-98E1-387001E91501}"
EndProject
Project("{FAE04EC0-301F-11D3-BF4B-00C04F79EFBC}") = "ShoeStore.Services", "ShoeStore.Services\ShoeStore.Services.csproj", "{2E4D0F7A-5952-4051-A4E5-21B2C7B03B3A}"
EndProject
Project("{FAE04EC0-301F-11D3-BF4B-00C04F79EFBC}") = "ShoeStore.Web", "ShoeStore.Web\ShoeStore.Web.csproj", "{BFEB57AE-2D1F-4FDA-804C-D98EF4564028}"
EndProject
Global
	GlobalSection(SolutionConfigurationPlatforms) = preSolution
		Debug|Any CPU = Debug|Any CPU
		Release|Any CPU = Release|Any CPU
	EndGlobalSection
	GlobalSection(ProjectConfigurationPlatforms) = postSolution
		{E7CB9FC8-C600-4BA8-9BC9-BCF2BC1CD10B}.Debug|Any CPU.ActiveCfg = Debug|Any CPU
		{E7CB9FC8-C600-4BA8-9BC9-BCF2BC1CD10B}.Debug|Any CPU.Build.0 = Debug|Any CPU
		{E7CB9FC8-C600-4BA8-9BC9-BCF2BC1CD10B}.Release|Any CPU.ActiveCfg = Release|Any CPU
		{E7CB9FC8-C600-4BA8-9BC9-BCF2BC1CD10B}.Release|Any CPU.Build.0 = Release|Any CPU
		{9EA4CD3D-3EB7-4C68-98E1-387001E91501}.Debug|Any CPU.ActiveCfg = Debug|Any CPU
		{9EA4CD3D-3EB7-4C68-98E1-387001E91501}.Debug|Any CPU.Build.0 = Debug|Any CPU
		{9EA4CD3D-3EB7-4C68-98E1-387001E91501}.Release|Any CPU.ActiveCfg = Release|Any CPU
		{9EA4CD3D-3EB7-4C68-98E1-387001E91501}.Release|Any CPU.Build.0 = Release|Any CPU
		{2E4D0F7A-5952-4051-A4E5-21B2C7B03B3A}.Debug|Any CPU.ActiveCfg = Debug|Any CPU
		{2E4D0F7A-5952-4051-A4E5-21B2C7B03B3A}.Debug|Any CPU.Build.0 = Debug|Any CPU
		{2E4D0F7A-5952-4051-A4E5-21B2C7B03B3A}.Release|Any CPU.ActiveCfg = Release|Any CPU
		{2E4D0F7A-5952-4051-A4E5-21B2C7B03B3A}.Release|Any CPU.Build.0 = Release|Any CPU
		{BFEB57AE-2D1F-4FDA-804C-D98EF4564028}.Debug|Any CPU.ActiveCfg = Debug|Any CPU
		{BFEB57AE-2D1F-4FDA-804C-D98EF4564028}.Debug|Any CPU.Build.0 = Debug|Any CPU
		{BFEB57AE-2D1F-4FDA-804C-D98EF4564028}.Release|Any CPU.ActiveCfg = Release|Any CPU
		{BFEB57AE-2D1F-4FDA-804C-D98EF4564028}.Release|Any CPU.Build.0 = Release|Any CPU
	EndGlobalSection
	GlobalSection(SolutionProperties) = preSolution
		HideSolutionNode = FALSE
	EndGlobalSection
	GlobalSection(ExtensibilityGlobals) = postSolution
		SolutionGuid = {DEE553C4-D287-4552-A11D-67F7D2D4B235}
	EndGlobalSection
EndGlobal
